
Microsoft Visual Studio Solution File, Format Version 12.00
# Visual Studio Version 16
VisualStudioVersion = 16.0.31313.79
MinimumVisualStudioVersion = 10.0.40219.1
Project("{FAE04EC0-301F-11D3-BF4B-00C04F79EFBC}") = "Dotnet5AspNetAndVueTemplate", "ChurchBookingFormV4Net5\Dotnet5AspNetAndVueTemplate.csproj", "{47EED42C-E27B-4CC1-89EF-DDF8FE669DBD}"
EndProject
Global
	GlobalSection(SolutionConfigurationPlatforms) = preSolution
		Debug|Any CPU = Debug|Any CPU
		Release|Any CPU = Release|Any CPU
	EndGlobalSection
	GlobalSection(ProjectConfigurationPlatforms) = postSolution
		{47EED42C-E27B-4CC1-89EF-DDF8FE669DBD}.Debug|Any CPU.ActiveCfg = Debug|Any CPU
		{47EED42C-E27B-4CC1-89EF-DDF8FE669DBD}.Debug|Any CPU.Build.0 = Debug|Any CPU
		{47EED42C-E27B-4CC1-89EF-DDF8FE669DBD}.Release|Any CPU.ActiveCfg = Release|Any CPU
		{47EED42C-E27B-4CC1-89EF-DDF8FE669DBD}.Release|Any CPU.Build.0 = Release|Any CPU
	EndGlobalSection
	GlobalSection(SolutionProperties) = preSolution
		HideSolutionNode = FALSE
	EndGlobalSection
	GlobalSection(ExtensibilityGlobals) = postSolution
		SolutionGuid = {2820F20B-0C06-4F02-8D39-E940A885BF53}
	EndGlobalSection
EndGlobal
